{
  "nodes": {
    "home-manager": {
      "inputs": {
        "nixpkgs": [
          "nixpkgs-unstable"
        ]
      },
      "locked": {
        "lastModified": 1748830238,
        "narHash": "sha256-EB+LzYHK0D5aqxZiYoPeoZoOzSAs8eqBDxm3R+6wMKU=",
        "owner": "nix-community",
        "repo": "home-manager",
        "rev": "c7fdb7e90bff1a51b79c1eed458fb39e6649a82a",
        "type": "github"
      },
      "original": {
        "owner": "nix-community",
        "repo": "home-manager",
        "type": "github"
      }
    },
    "nixpkgs": {
      "locked": {
        "lastModified": 1748708770,
        "narHash": "sha256-q8jG2HJWgooWa9H0iatZqBPF3bp0504e05MevFmnFLY=",
        "owner": "NixOS",
        "repo": "nixpkgs",
        "rev": "a59eb7800787c926045d51b70982ae285faa2346",
        "type": "github"
      },
      "original": {
        "owner": "NixOS",
        "ref": "nixos-25.05",
        "repo": "nixpkgs",
        "type": "github"
      }
    },
    "nixpkgs-stable": {
      "locked": {
        "lastModified": 1748708770,
        "narHash": "sha256-q8jG2HJWgooWa9H0iatZqBPF3bp0504e05MevFmnFLY=",
        "owner": "NixOS",
        "repo": "nixpkgs",
        "rev": "a59eb7800787c926045d51b70982ae285faa2346",
        "type": "github"
      },
      "original": {
        "owner": "NixOS",
        "ref": "nixos-25.05",
        "repo": "nixpkgs",
        "type": "github"
      }
    },
    "nixpkgs-unstable": {
      "locked": {
        "lastModified": 1748693115,
        "narHash": "sha256-StSrWhklmDuXT93yc3GrTlb0cKSS0agTAxMGjLKAsY8=",
        "owner": "NixOS",
        "repo": "nixpkgs",
        "rev": "910796cabe436259a29a72e8d3f5e180fc6dfacc",
        "type": "github"
      },
      "original": {
        "owner": "NixOS",
        "ref": "nixos-unstable",
        "repo": "nixpkgs",
        "type": "github"
      }
    },
    "nomispaz-cpupower_go": {
      "inputs": {
        "nixpkgs": [
          "nixpkgs-unstable"
        ]
      },
      "locked": {
        "lastModified": 1748205478,
        "narHash": "sha256-mxYGFbsD5LPV76uuwqjUtCvFR3pMUAP7FyzALx/Lkic=",
        "owner": "nomispaz",
        "repo": "cpupower_go",
        "rev": "85a66f23d89f303f9fb018e326d3362b412b3f5c",
        "type": "github"
      },
      "original": {
        "owner": "nomispaz",
        "repo": "cpupower_go",
        "type": "github"
      }
    },
    "nomispaz-linutil": {
      "inputs": {
        "nixpkgs": [
          "nixpkgs-unstable"
        ]
      },
      "locked": {
        "lastModified": 1748184907,
        "narHash": "sha256-gW34geqRv04KEoz4kDqiEctBwmQ4xQSaYJ0lSnQxSrA=",
        "owner": "nomispaz",
        "repo": "linutil",
        "rev": "b141a2c2db394a1c7db0023e5c09c11e97564414",
        "type": "github"
      },
      "original": {
        "owner": "nomispaz",
        "repo": "linutil",
        "type": "github"
      }
    },
    "root": {
      "inputs": {
        "home-manager": "home-manager",
        "nixpkgs": "nixpkgs",
        "nixpkgs-stable": "nixpkgs-stable",
        "nixpkgs-unstable": "nixpkgs-unstable",
        "nomispaz-cpupower_go": "nomispaz-cpupower_go",
        "nomispaz-linutil": "nomispaz-linutil"
      }
    }
  },
  "root": "root",
  "version": 7
}
