{
  "nodes": {
    "home-manager": {
      "inputs": {
        "nixpkgs": [
          "nixpkgs-unstable"
        ]
      },
      "locked": {
        "lastModified": 1751296747,
        "narHash": "sha256-/nHOfmB0C972nYX0xVF0zWmbt8ooA9TCczfeKHNvwqI=",
        "owner": "nix-community",
        "repo": "home-manager",
        "rev": "0f21ed5182a158d2f84e9136f6bf8539fd9a6890",
        "type": "github"
      },
      "original": {
        "owner": "nix-community",
        "repo": "home-manager",
        "type": "github"
      }
    },
    "nixpkgs": {
      "locked": {
        "lastModified": 1751211869,
        "narHash": "sha256-1Cu92i1KSPbhPCKxoiVG5qnoRiKTgR5CcGSRyLpOd7Y=",
        "owner": "NixOS",
        "repo": "nixpkgs",
        "rev": "b43c397f6c213918d6cfe6e3550abfe79b5d1c51",
        "type": "github"
      },
      "original": {
        "owner": "NixOS",
        "ref": "nixos-25.05",
        "repo": "nixpkgs",
        "type": "github"
      }
    },
    "nixpkgs-stable": {
      "locked": {
        "lastModified": 1751211869,
        "narHash": "sha256-1Cu92i1KSPbhPCKxoiVG5qnoRiKTgR5CcGSRyLpOd7Y=",
        "owner": "NixOS",
        "repo": "nixpkgs",
        "rev": "b43c397f6c213918d6cfe6e3550abfe79b5d1c51",
        "type": "github"
      },
      "original": {
        "owner": "NixOS",
        "ref": "nixos-25.05",
        "repo": "nixpkgs",
        "type": "github"
      }
    },
    "nixpkgs-unstable": {
      "locked": {
        "lastModified": 1751011381,
        "narHash": "sha256-krGXKxvkBhnrSC/kGBmg5MyupUUT5R6IBCLEzx9jhMM=",
        "owner": "NixOS",
        "repo": "nixpkgs",
        "rev": "30e2e2857ba47844aa71991daa6ed1fc678bcbb7",
        "type": "github"
      },
      "original": {
        "owner": "NixOS",
        "ref": "nixos-unstable",
        "repo": "nixpkgs",
        "type": "github"
      }
    },
    "nomispaz-cpupower_go": {
      "inputs": {
        "nixpkgs": [
          "nixpkgs-unstable"
        ]
      },
      "locked": {
        "lastModified": 1748205478,
        "narHash": "sha256-mxYGFbsD5LPV76uuwqjUtCvFR3pMUAP7FyzALx/Lkic=",
        "owner": "nomispaz",
        "repo": "cpupower_go",
        "rev": "85a66f23d89f303f9fb018e326d3362b412b3f5c",
        "type": "github"
      },
      "original": {
        "owner": "nomispaz",
        "repo": "cpupower_go",
        "type": "github"
      }
    },
    "nomispaz-linutil": {
      "inputs": {
        "nixpkgs": [
          "nixpkgs-unstable"
        ]
      },
      "locked": {
        "lastModified": 1748184907,
        "narHash": "sha256-gW34geqRv04KEoz4kDqiEctBwmQ4xQSaYJ0lSnQxSrA=",
        "owner": "nomispaz",
        "repo": "linutil",
        "rev": "b141a2c2db394a1c7db0023e5c09c11e97564414",
        "type": "github"
      },
      "original": {
        "owner": "nomispaz",
        "repo": "linutil",
        "type": "github"
      }
    },
    "nomispaz-localrepo": {
      "inputs": {
        "nixpkgs": [
          "nixpkgs-unstable"
        ]
      },
      "locked": {
        "path": "packages",
        "type": "path"
      },
      "original": {
        "path": "packages",
        "type": "path"
      },
      "parent": []
    },
    "root": {
      "inputs": {
        "home-manager": "home-manager",
        "nixpkgs": "nixpkgs",
        "nixpkgs-stable": "nixpkgs-stable",
        "nixpkgs-unstable": "nixpkgs-unstable",
        "nomispaz-cpupower_go": "nomispaz-cpupower_go",
        "nomispaz-linutil": "nomispaz-linutil",
        "nomispaz-localrepo": "nomispaz-localrepo"
      }
    }
  },
  "root": "root",
  "version": 7
}
