{
  "nodes": {
    "home-manager": {
      "inputs": {
        "nixpkgs": [
          "nixpkgs-unstable"
        ]
      },
      "locked": {
        "lastModified": 1750256996,
        "narHash": "sha256-xPH4tgE7yIeBtOn54B6iDzMGXrf7mWvODML+DCN+H8I=",
        "owner": "nix-community",
        "repo": "home-manager",
        "rev": "f754e377dc2da5d34dfea6a5215c21741eaf8930",
        "type": "github"
      },
      "original": {
        "owner": "nix-community",
        "repo": "home-manager",
        "type": "github"
      }
    },
    "nixpkgs": {
      "locked": {
        "lastModified": 1750133334,
        "narHash": "sha256-urV51uWH7fVnhIvsZIELIYalMYsyr2FCalvlRTzqWRw=",
        "owner": "NixOS",
        "repo": "nixpkgs",
        "rev": "36ab78dab7da2e4e27911007033713bab534187b",
        "type": "github"
      },
      "original": {
        "owner": "NixOS",
        "ref": "nixos-25.05",
        "repo": "nixpkgs",
        "type": "github"
      }
    },
    "nixpkgs-stable": {
      "locked": {
        "lastModified": 1750133334,
        "narHash": "sha256-urV51uWH7fVnhIvsZIELIYalMYsyr2FCalvlRTzqWRw=",
        "owner": "NixOS",
        "repo": "nixpkgs",
        "rev": "36ab78dab7da2e4e27911007033713bab534187b",
        "type": "github"
      },
      "original": {
        "owner": "NixOS",
        "ref": "nixos-25.05",
        "repo": "nixpkgs",
        "type": "github"
      }
    },
    "nixpkgs-unstable": {
      "locked": {
        "lastModified": 1750134718,
        "narHash": "sha256-v263g4GbxXv87hMXMCpjkIxd/viIF7p3JpJrwgKdNiI=",
        "owner": "NixOS",
        "repo": "nixpkgs",
        "rev": "9e83b64f727c88a7711a2c463a7b16eedb69a84c",
        "type": "github"
      },
      "original": {
        "owner": "NixOS",
        "ref": "nixos-unstable",
        "repo": "nixpkgs",
        "type": "github"
      }
    },
    "nomispaz-cpupower_go": {
      "inputs": {
        "nixpkgs": [
          "nixpkgs-unstable"
        ]
      },
      "locked": {
        "lastModified": 1748205478,
        "narHash": "sha256-mxYGFbsD5LPV76uuwqjUtCvFR3pMUAP7FyzALx/Lkic=",
        "owner": "nomispaz",
        "repo": "cpupower_go",
        "rev": "85a66f23d89f303f9fb018e326d3362b412b3f5c",
        "type": "github"
      },
      "original": {
        "owner": "nomispaz",
        "repo": "cpupower_go",
        "type": "github"
      }
    },
    "nomispaz-linutil": {
      "inputs": {
        "nixpkgs": [
          "nixpkgs-unstable"
        ]
      },
      "locked": {
        "lastModified": 1748184907,
        "narHash": "sha256-gW34geqRv04KEoz4kDqiEctBwmQ4xQSaYJ0lSnQxSrA=",
        "owner": "nomispaz",
        "repo": "linutil",
        "rev": "b141a2c2db394a1c7db0023e5c09c11e97564414",
        "type": "github"
      },
      "original": {
        "owner": "nomispaz",
        "repo": "linutil",
        "type": "github"
      }
    },
    "nomispaz-localrepo": {
      "inputs": {
        "nixpkgs": [
          "nixpkgs-unstable"
        ]
      },
      "locked": {
        "path": "packages",
        "type": "path"
      },
      "original": {
        "path": "packages",
        "type": "path"
      },
      "parent": []
    },
    "root": {
      "inputs": {
        "home-manager": "home-manager",
        "nixpkgs": "nixpkgs",
        "nixpkgs-stable": "nixpkgs-stable",
        "nixpkgs-unstable": "nixpkgs-unstable",
        "nomispaz-cpupower_go": "nomispaz-cpupower_go",
        "nomispaz-linutil": "nomispaz-linutil",
        "nomispaz-localrepo": "nomispaz-localrepo"
      }
    }
  },
  "root": "root",
  "version": 7
}
